
Microsoft Visual Studio Solution File, Format Version 12.00
# Visual Studio Version 17
VisualStudioVersion = 17.5.33516.290
MinimumVisualStudioVersion = 10.0.40219.1
Project("{FAE04EC0-301F-11D3-BF4B-00C04F79EFBC}") = "ServiceConsumer", "ServiceConsumer.csproj", "{FF564369-AD01-49A5-B6BC-5B382C56B944}"
EndProject
Global
	GlobalSection(SolutionConfigurationPlatforms) = preSolution
		Debug|Any CPU = Debug|Any CPU
		Release|Any CPU = Release|Any CPU
	EndGlobalSection
	GlobalSection(ProjectConfigurationPlatforms) = postSolution
		{FF564369-AD01-49A5-B6BC-5B382C56B944}.Debug|Any CPU.ActiveCfg = Debug|Any CPU
		{FF564369-AD01-49A5-B6BC-5B382C56B944}.Debug|Any CPU.Build.0 = Debug|Any CPU
		{FF564369-AD01-49A5-B6BC-5B382C56B944}.Release|Any CPU.ActiveCfg = Release|Any CPU
		{FF564369-AD01-49A5-B6BC-5B382C56B944}.Release|Any CPU.Build.0 = Release|Any CPU
	EndGlobalSection
	GlobalSection(SolutionProperties) = preSolution
		HideSolutionNode = FALSE
	EndGlobalSection
	GlobalSection(ExtensibilityGlobals) = postSolution
		SolutionGuid = {9BE55CD6-1A34-46B3-8AAC-B4F3477674A0}
	EndGlobalSection
EndGlobal
